
Microsoft Visual Studio Solution File, Format Version 12.00
# Visual Studio 15
VisualStudioVersion = 15.0.28307.489
MinimumVisualStudioVersion = 10.0.40219.1
Project("{FAE04EC0-301F-11D3-BF4B-00C04F79EFBC}") = "Univer.PlanTask.ConsoleApp", "Univer.PlanTask.ConsoleApp\Univer.PlanTask.ConsoleApp.csproj", "{29F3FAB5-F74B-45AF-ACEE-541EE391098D}"
EndProject
Project("{FAE04EC0-301F-11D3-BF4B-00C04F79EFBC}") = "Univer.PlanTask.Core", "Univer.PlanTask.Core\Univer.PlanTask.Core.csproj", "{2AB98317-3541-4E19-81BE-368FBA3518F7}"
EndProject
Global
	GlobalSection(SolutionConfigurationPlatforms) = preSolution
		Debug|Any CPU = Debug|Any CPU
		Release|Any CPU = Release|Any CPU
	EndGlobalSection
	GlobalSection(ProjectConfigurationPlatforms) = postSolution
		{29F3FAB5-F74B-45AF-ACEE-541EE391098D}.Debug|Any CPU.ActiveCfg = Debug|Any CPU
		{29F3FAB5-F74B-45AF-ACEE-541EE391098D}.Debug|Any CPU.Build.0 = Debug|Any CPU
		{29F3FAB5-F74B-45AF-ACEE-541EE391098D}.Release|Any CPU.ActiveCfg = Release|Any CPU
		{29F3FAB5-F74B-45AF-ACEE-541EE391098D}.Release|Any CPU.Build.0 = Release|Any CPU
		{2AB98317-3541-4E19-81BE-368FBA3518F7}.Debug|Any CPU.ActiveCfg = Debug|Any CPU
		{2AB98317-3541-4E19-81BE-368FBA3518F7}.Debug|Any CPU.Build.0 = Debug|Any CPU
		{2AB98317-3541-4E19-81BE-368FBA3518F7}.Release|Any CPU.ActiveCfg = Release|Any CPU
		{2AB98317-3541-4E19-81BE-368FBA3518F7}.Release|Any CPU.Build.0 = Release|Any CPU
	EndGlobalSection
	GlobalSection(SolutionProperties) = preSolution
		HideSolutionNode = FALSE
	EndGlobalSection
	GlobalSection(ExtensibilityGlobals) = postSolution
		SolutionGuid = {1FD80983-74F0-437E-85B0-990DC79908A2}
	EndGlobalSection
EndGlobal
